{
  "version": "5",
  "specifiers": {
    "npm:@mantine/core@^8.3.12": "8.3.12_@mantine+hooks@8.3.12__react@19.2.3_react@19.2.3_react-dom@19.2.3__react@19.2.3_@types+react@19.2.8",
    "npm:@mantine/hooks@^8.3.12": "8.3.12_react@19.2.3",
    "npm:@types/react-dom@^19.2.3": "19.2.3_@types+react@19.2.8",
    "npm:@types/react@^19.2.8": "19.2.8",
    "npm:react-dom@^19.2.3": "19.2.3_react@19.2.3",
    "npm:react@^19.2.3": "19.2.3"
  },
  "npm": {
    "@babel/runtime@7.28.6": {
      "integrity": "sha512-05WQkdpL9COIMz4LjTxGpPNCdlpyimKppYNoJ5Di5EUObifl8t4tuLuUBBZEpoLYOmfvIWrsp9fCl0HoPRVTdA=="
    },
    "@floating-ui/core@1.7.3": {
      "integrity": "sha512-sGnvb5dmrJaKEZ+LDIpguvdX3bDlEllmv4/ClQ9awcmCZrlx5jQyyMWFM5kBI+EyNOCDDiKk8il0zeuX3Zlg/w==",
      "dependencies": [
        "@floating-ui/utils"
      ]
    },
    "@floating-ui/dom@1.7.4": {
      "integrity": "sha512-OOchDgh4F2CchOX94cRVqhvy7b3AFb+/rQXyswmzmGakRfkMgoWVjfnLWkRirfLEfuD4ysVW16eXzwt3jHIzKA==",
      "dependencies": [
        "@floating-ui/core",
        "@floating-ui/utils"
      ]
    },
    "@floating-ui/react-dom@2.1.6_react@19.2.3_react-dom@19.2.3__react@19.2.3": {
      "integrity": "sha512-4JX6rEatQEvlmgU80wZyq9RT96HZJa88q8hp0pBd+LrczeDI4o6uA2M+uvxngVHo4Ihr8uibXxH6+70zhAFrVw==",
      "dependencies": [
        "@floating-ui/dom",
        "react",
        "react-dom"
      ]
    },
    "@floating-ui/react@0.27.16_react@19.2.3_react-dom@19.2.3__react@19.2.3": {
      "integrity": "sha512-9O8N4SeG2z++TSM8QA/KTeKFBVCNEz/AGS7gWPJf6KFRzmRWixFRnCnkPHRDwSVZW6QPDO6uT0P2SpWNKCc9/g==",
      "dependencies": [
        "@floating-ui/react-dom",
        "@floating-ui/utils",
        "react",
        "react-dom",
        "tabbable"
      ]
    },
    "@floating-ui/utils@0.2.10": {
      "integrity": "sha512-aGTxbpbg8/b5JfU1HXSrbH3wXZuLPJcNEcZQFMxLs3oSzgtVu6nFPkbbGGUvBcUjKV2YyB9Wxxabo+HEH9tcRQ=="
    },
    "@mantine/core@8.3.12_@mantine+hooks@8.3.12__react@19.2.3_react@19.2.3_react-dom@19.2.3__react@19.2.3_@types+react@19.2.8": {
      "integrity": "sha512-bDEoUl4SneltfI1GeEaBk6BVDbLuB/w15YwseAmUvc8ldAbNcsVhxKxY/BdhwqUo6O3L2vhdlb3WwxR1y8741g==",
      "dependencies": [
        "@floating-ui/react",
        "@mantine/hooks",
        "clsx",
        "react",
        "react-dom",
        "react-number-format",
        "react-remove-scroll",
        "react-textarea-autosize",
        "type-fest"
      ]
    },
    "@mantine/hooks@8.3.12_react@19.2.3": {
      "integrity": "sha512-lMMDzDewd3lUNtJCAHDj3g8On9X5aBl4q6EBwgOixKQSby9RG9ASEpK8oYHundHTm9tzo3MDeXWV/z32oSQWuw==",
      "dependencies": [
        "react"
      ]
    },
    "@types/react-dom@19.2.3_@types+react@19.2.8": {
      "integrity": "sha512-jp2L/eY6fn+KgVVQAOqYItbF0VY/YApe5Mz2F0aykSO8gx31bYCZyvSeYxCHKvzHG5eZjc+zyaS5BrBWya2+kQ==",
      "dependencies": [
        "@types/react"
      ]
    },
    "@types/react@19.2.8": {
      "integrity": "sha512-3MbSL37jEchWZz2p2mjntRZtPt837ij10ApxKfgmXCTuHWagYg7iA5bqPw6C8BMPfwidlvfPI/fxOc42HLhcyg==",
      "dependencies": [
        "csstype"
      ]
    },
    "clsx@2.1.1": {
      "integrity": "sha512-eYm0QWBtUrBWZWG0d386OGAw16Z995PiOVo2B7bjWSbHedGl5e0ZWaq65kOGgUSNesEIDkB9ISbTg/JK9dhCZA=="
    },
    "csstype@3.2.3": {
      "integrity": "sha512-z1HGKcYy2xA8AGQfwrn0PAy+PB7X/GSj3UVJW9qKyn43xWa+gl5nXmU4qqLMRzWVLFC8KusUX8T/0kCiOYpAIQ=="
    },
    "detect-node-es@1.1.0": {
      "integrity": "sha512-ypdmJU/TbBby2Dxibuv7ZLW3Bs1QEmM7nHjEANfohJLvE0XVujisn1qPJcZxg+qDucsr+bP6fLD1rPS3AhJ7EQ=="
    },
    "get-nonce@1.0.1": {
      "integrity": "sha512-FJhYRoDaiatfEkUK8HKlicmu/3SGFD51q3itKDGoSTysQJBnfOcxU5GxnhE1E6soB76MbT0MBtnKJuXyAx+96Q=="
    },
    "react-dom@19.2.3_react@19.2.3": {
      "integrity": "sha512-yELu4WmLPw5Mr/lmeEpox5rw3RETacE++JgHqQzd2dg+YbJuat3jH4ingc+WPZhxaoFzdv9y33G+F7Nl5O0GBg==",
      "dependencies": [
        "react",
        "scheduler"
      ]
    },
    "react-number-format@5.4.4_react@19.2.3_react-dom@19.2.3__react@19.2.3": {
      "integrity": "sha512-wOmoNZoOpvMminhifQYiYSTCLUDOiUbBunrMrMjA+dV52sY+vck1S4UhR6PkgnoCquvvMSeJjErXZ4qSaWCliA==",
      "dependencies": [
        "react",
        "react-dom"
      ]
    },
    "react-remove-scroll-bar@2.3.8_@types+react@19.2.8_react@19.2.3": {
      "integrity": "sha512-9r+yi9+mgU33AKcj6IbT9oRCO78WriSj6t/cF8DWBZJ9aOGPOTEDvdUDz1FwKim7QXWwmHqtdHnRJfhAxEG46Q==",
      "dependencies": [
        "@types/react",
        "react",
        "react-style-singleton",
        "tslib"
      ],
      "optionalPeers": [
        "@types/react"
      ]
    },
    "react-remove-scroll@2.7.2_@types+react@19.2.8_react@19.2.3": {
      "integrity": "sha512-Iqb9NjCCTt6Hf+vOdNIZGdTiH1QSqr27H/Ek9sv/a97gfueI/5h1s3yRi1nngzMUaOOToin5dI1dXKdXiF+u0Q==",
      "dependencies": [
        "@types/react",
        "react",
        "react-remove-scroll-bar",
        "react-style-singleton",
        "tslib",
        "use-callback-ref",
        "use-sidecar"
      ],
      "optionalPeers": [
        "@types/react"
      ]
    },
    "react-style-singleton@2.2.3_@types+react@19.2.8_react@19.2.3": {
      "integrity": "sha512-b6jSvxvVnyptAiLjbkWLE/lOnR4lfTtDAl+eUC7RZy+QQWc6wRzIV2CE6xBuMmDxc2qIihtDCZD5NPOFl7fRBQ==",
      "dependencies": [
        "@types/react",
        "get-nonce",
        "react",
        "tslib"
      ],
      "optionalPeers": [
        "@types/react"
      ]
    },
    "react-textarea-autosize@8.5.9_react@19.2.3": {
      "integrity": "sha512-U1DGlIQN5AwgjTyOEnI1oCcMuEr1pv1qOtklB2l4nyMGbHzWrI0eFsYK0zos2YWqAolJyG0IWJaqWmWj5ETh0A==",
      "dependencies": [
        "@babel/runtime",
        "react",
        "use-composed-ref",
        "use-latest"
      ]
    },
    "react@19.2.3": {
      "integrity": "sha512-Ku/hhYbVjOQnXDZFv2+RibmLFGwFdeeKHFcOTlrt7xplBnya5OGn/hIRDsqDiSUcfORsDC7MPxwork8jBwsIWA=="
    },
    "scheduler@0.27.0": {
      "integrity": "sha512-eNv+WrVbKu1f3vbYJT/xtiF5syA5HPIMtf9IgY/nKg0sWqzAUEvqY/xm7OcZc/qafLx/iO9FgOmeSAp4v5ti/Q=="
    },
    "tabbable@6.4.0": {
      "integrity": "sha512-05PUHKSNE8ou2dwIxTngl4EzcnsCDZGJ/iCLtDflR/SHB/ny14rXc+qU5P4mG9JkusiV7EivzY9Mhm55AzAvCg=="
    },
    "tslib@2.8.1": {
      "integrity": "sha512-oJFu94HQb+KVduSUQL7wnpmqnfmLsOA/nAh6b6EH0wCEoK0/mPeXU6c3wKDV83MkOuHPRHtSXKKU99IBazS/2w=="
    },
    "type-fest@4.41.0": {
      "integrity": "sha512-TeTSQ6H5YHvpqVwBRcnLDCBnDOHWYu7IvGbHT6N8AOymcr9PJGjc1GTtiWZTYg0NCgYwvnYWEkVChQAr9bjfwA=="
    },
    "use-callback-ref@1.3.3_@types+react@19.2.8_react@19.2.3": {
      "integrity": "sha512-jQL3lRnocaFtu3V00JToYz/4QkNWswxijDaCVNZRiRTO3HQDLsdu1ZtmIUvV4yPp+rvWm5j0y0TG/S61cuijTg==",
      "dependencies": [
        "@types/react",
        "react",
        "tslib"
      ],
      "optionalPeers": [
        "@types/react"
      ]
    },
    "use-composed-ref@1.4.0_react@19.2.3": {
      "integrity": "sha512-djviaxuOOh7wkj0paeO1Q/4wMZ8Zrnag5H6yBvzN7AKKe8beOaED9SF5/ByLqsku8NP4zQqsvM2u3ew/tJK8/w==",
      "dependencies": [
        "react"
      ]
    },
    "use-isomorphic-layout-effect@1.2.1_react@19.2.3": {
      "integrity": "sha512-tpZZ+EX0gaghDAiFR37hj5MgY6ZN55kLiPkJsKxBMZ6GZdOSPJXiOzPM984oPYZ5AnehYx5WQp1+ME8I/P/pRA==",
      "dependencies": [
        "react"
      ]
    },
    "use-latest@1.3.0_react@19.2.3": {
      "integrity": "sha512-mhg3xdm9NaM8q+gLT8KryJPnRFOz1/5XPBhmDEVZK1webPzDjrPk7f/mbpeLqTgB9msytYWANxgALOCJKnLvcQ==",
      "dependencies": [
        "react",
        "use-isomorphic-layout-effect"
      ]
    },
    "use-sidecar@1.1.3_@types+react@19.2.8_react@19.2.3": {
      "integrity": "sha512-Fedw0aZvkhynoPYlA5WXrMCAMm+nSWdZt6lzJQ7Ok8S6Q+VsHmHpRWndVRJ8Be0ZbkfPc5LRYH+5XrzXcEeLRQ==",
      "dependencies": [
        "@types/react",
        "detect-node-es",
        "react",
        "tslib"
      ],
      "optionalPeers": [
        "@types/react"
      ]
    }
  },
  "workspace": {
    "dependencies": [
      "npm:@mantine/core@^8.3.12",
      "npm:@mantine/hooks@^8.3.12",
      "npm:@types/react-dom@^19.2.3",
      "npm:@types/react@^19.2.8",
      "npm:react-dom@^19.2.3",
      "npm:react@^19.2.3"
    ]
  }
}
